
Microsoft Visual Studio Solution File, Format Version 12.00
# Visual Studio Version 17
VisualStudioVersion = 17.5.33424.131
MinimumVisualStudioVersion = 10.0.40219.1
Project("{FAE04EC0-301F-11D3-BF4B-00C04F79EFBC}") = "PrimerZaProba", "PrimerZaProba\PrimerZaProba.csproj", "{EC71D143-6D42-4022-AACF-5B184D80B6B6}"
EndProject
Global
	GlobalSection(SolutionConfigurationPlatforms) = preSolution
		Debug|Any CPU = Debug|Any CPU
		Release|Any CPU = Release|Any CPU
	EndGlobalSection
	GlobalSection(ProjectConfigurationPlatforms) = postSolution
		{EC71D143-6D42-4022-AACF-5B184D80B6B6}.Debug|Any CPU.ActiveCfg = Debug|Any CPU
		{EC71D143-6D42-4022-AACF-5B184D80B6B6}.Debug|Any CPU.Build.0 = Debug|Any CPU
		{EC71D143-6D42-4022-AACF-5B184D80B6B6}.Release|Any CPU.ActiveCfg = Release|Any CPU
		{EC71D143-6D42-4022-AACF-5B184D80B6B6}.Release|Any CPU.Build.0 = Release|Any CPU
	EndGlobalSection
	GlobalSection(SolutionProperties) = preSolution
		HideSolutionNode = FALSE
	EndGlobalSection
	GlobalSection(ExtensibilityGlobals) = postSolution
		SolutionGuid = {D1A387DA-A208-4EC2-BCA9-D7AB938A32FC}
	EndGlobalSection
EndGlobal
